PODS:
  - FBSnapshotTestCase (2.1.4):
    - FBSnapshotTestCase/SwiftSupport (= 2.1.4)
  - FBSnapshotTestCase/Core (2.1.4)
  - FBSnapshotTestCase/SwiftSupport (2.1.4):
    - FBSnapshotTestCase/Core
  - MYImageCache (0.1.0)

DEPENDENCIES:
  - FBSnapshotTestCase
  - MYImageCache (from `../`)

SPEC REPOS:
  https://cdn.cocoapods.org/:
    - FBSnapshotTestCase

EXTERNAL SOURCES:
  MYImageCache:
    :path: "../"

SPEC CHECKSUMS:
  FBSnapshotTestCase: 094f9f314decbabe373b87cc339bea235a63e07a
  MYImageCache: 2e5443ff46a8b1bbf136de3594d0da94483c89fd

PODFILE CHECKSUM: 3ab95f3686ae6578431ef21ad1946e9d74c1c4c9

COCOAPODS: 1.8.4
